# THIS IS AN AUTOGENERATED FILE. DO NOT EDIT THIS FILE DIRECTLY.
# yarn lockfile v1


"@middy/core@^2.4.3":
  version "2.4.3"
  resolved "https://registry.yarnpkg.com/@middy/core/-/core-2.4.3.tgz#db07ec33f945557244b7b46f5793650d41791bf9"
  integrity sha512-RrFtUdTz4wslGykSObLXzY1yL8ZBD/joZ0TTMVet2y19L1enIqfXABp0bv+LcbGP1NJNw8a9tXSAXk8ZNBoOwQ==

"@middy/http-error-handler@^2.4.3":
  version "2.4.3"
  resolved "https://registry.yarnpkg.com/@middy/http-error-handler/-/http-error-handler-2.4.3.tgz#b8727faa8ade34a19966ad7b24178685e0d654da"
  integrity sha512-0MDHBjsuT8oL/pC69HxrOwCl9xazrjG08L5GQFKJL5ly2xnLMV/FnLcCyYRsA2jNHFhx/CGyA9IfiIIyCEihDA==
  dependencies:
    "@middy/util" "^2.4.3"

"@middy/http-event-normalizer@^2.4.3":
  version "2.4.3"
  resolved "https://registry.yarnpkg.com/@middy/http-event-normalizer/-/http-event-normalizer-2.4.3.tgz#14af039d5295fba57d786d4ed6a77b1b37957698"
  integrity sha512-DpCY4rnruAnlVv4LQuQqqNXB96w7jh4ocKvyG2Jg5opOPsbZr1ICLH5YcBBY92XfVhz18Vw8njG9luVwoaMD8A==

"@middy/http-json-body-parser@^2.4.3":
  version "2.4.3"
  resolved "https://registry.yarnpkg.com/@middy/http-json-body-parser/-/http-json-body-parser-2.4.3.tgz#afe2b5d882023be047b037993903bbcbc20321d3"
  integrity sha512-iqs5rXF2n/Y27H2h7FzPHJ0RzSvKiLu7mxR5VbMyDyDSMvSA73CpTk0ndfRvGBYjjfp+ZEaZeJWQi6ngj5Cmew==
  dependencies:
    "@middy/util" "^2.4.3"

"@middy/util@^2.4.3":
  version "2.4.3"
  resolved "https://registry.yarnpkg.com/@middy/util/-/util-2.4.3.tgz#e5a237f69254934a9ae33dfcc5f1b0af63a3819c"
  integrity sha512-OcKR73b9fZBWnE8XTTH7DkyPiyVu8oX+Sjr6Wyc+gj5f8pbWPkVfuRX6H4CmSe8opzSeWezajFOruvMCwHyaWQ==

depd@~1.1.2:
  version "1.1.2"
  resolved "https://registry.yarnpkg.com/depd/-/depd-1.1.2.tgz#9bcd52e14c097763e749b274c4346ed2e560b5a9"
  integrity sha1-m81S4UwJd2PnSbJ0xDRu0uVgtak=

http-errors@^1.8.0:
  version "1.8.0"
  resolved "https://registry.yarnpkg.com/http-errors/-/http-errors-1.8.0.tgz#75d1bbe497e1044f51e4ee9e704a62f28d336507"
  integrity sha512-4I8r0C5JDhT5VkvI47QktDW75rNlGVsUf/8hzjCC/wkWI/jdTRmBb9aI7erSG82r1bjKY3F6k28WnsVxB1C73A==
  dependencies:
    depd "~1.1.2"
    inherits "2.0.4"
    setprototypeof "1.2.0"
    statuses ">= 1.5.0 < 2"
    toidentifier "1.0.0"

inherits@2.0.4:
  version "2.0.4"
  resolved "https://registry.yarnpkg.com/inherits/-/inherits-2.0.4.tgz#0fa2c64f932917c3433a0ded55363aae37416b7c"
  integrity sha512-k/vGaX4/Yla3WzyMCvTQOXYeIHvqOKtnqBduzTHpzpQZzAskKMhZ2K+EnBiSM9zGSoIFeMpXKxa4dYeZIQqewQ==

setprototypeof@1.2.0:
  version "1.2.0"
  resolved "https://registry.yarnpkg.com/setprototypeof/-/setprototypeof-1.2.0.tgz#66c9a24a73f9fc28cbe66b09fed3d33dcaf1b424"
  integrity sha512-E5LDX7Wrp85Kil5bhZv46j8jOeboKq5JMmYM3gVGdGH8xFpPWXUMsNrlODCrkoxMEeNi/XZIwuRvY4XNwYMJpw==

"statuses@>= 1.5.0 < 2":
  version "1.5.0"
  resolved "https://registry.yarnpkg.com/statuses/-/statuses-1.5.0.tgz#161c7dac177659fd9811f43771fa99381478628c"
  integrity sha1-Fhx9rBd2Wf2YEfQ3cfqZOBR4Yow=

toidentifier@1.0.0:
  version "1.0.0"
  resolved "https://registry.yarnpkg.com/toidentifier/-/toidentifier-1.0.0.tgz#7e1be3470f1e77948bc43d94a3c8f4d7752ba553"
  integrity sha512-yaOH/Pk/VEhBWWTlhI+qXxDFXlejDGcQipMlyxda9nthulaxLZUNcUqFxokp0vcYnvteJln5FNQDRrxj3YcbVw==
